
Microsoft Visual Studio Solution File, Format Version 12.00
# Visual Studio Version 16
VisualStudioVersion = 16.0.28516.95
MinimumVisualStudioVersion = 10.0.40219.1
Project("{888888A0-9F3D-457C-B088-3A5042F75D52}") = "RaspMailer", "RaspMailer\RaspMailer.pyproj", "{96BC47B0-CFFB-4434-9B41-CAB5586DC075}"
EndProject
Global
	GlobalSection(SolutionConfigurationPlatforms) = preSolution
		Debug|Any CPU = Debug|Any CPU
		Release|Any CPU = Release|Any CPU
	EndGlobalSection
	GlobalSection(ProjectConfigurationPlatforms) = postSolution
		{96BC47B0-CFFB-4434-9B41-CAB5586DC075}.Debug|Any CPU.ActiveCfg = Debug|Any CPU
		{96BC47B0-CFFB-4434-9B41-CAB5586DC075}.Debug|Any CPU.Build.0 = Debug|Any CPU
		{96BC47B0-CFFB-4434-9B41-CAB5586DC075}.Release|Any CPU.ActiveCfg = Release|Any CPU
		{96BC47B0-CFFB-4434-9B41-CAB5586DC075}.Release|Any CPU.Build.0 = Release|Any CPU
	EndGlobalSection
	GlobalSection(SolutionProperties) = preSolution
		HideSolutionNode = FALSE
	EndGlobalSection
	GlobalSection(ExtensibilityGlobals) = postSolution
		SolutionGuid = {FBC1E7FC-359C-4F1A-ABC1-1CA7A1BDA0D5}
	EndGlobalSection
EndGlobal
